// !$*UTF8*$!
{
	archiveVersion = 1;
	classes = {
	};
	objectVersion = 56;
	objects = {

/* Begin PBXBuildFile section */
		AC6DD3AF2C7DB5ED006E208F /* DragDropDemoAppApp.swift in Sources */ = {isa = PBXBuildFile; fileRef = AC6DD3AE2C7DB5ED006E208F /* DragDropDemoAppApp.swift */; };
		AC6DD3B12C7DB5ED006E208F /* ContentView.swift in Sources */ = {isa = PBXBuildFile; fileRef = AC6DD3B02C7DB5ED006E208F /* ContentView.swift */; };
		AC6DD3B32C7DB5EE006E208F /* Assets.xcassets in Resources */ = {isa = PBXBuildFile; fileRef = AC6DD3B22C7DB5EE006E208F /* Assets.xcassets */; };
		AC6DD3B62C7DB5EE006E208F /* Preview Assets.xcassets in Resources */ = {isa = PBXBuildFile; fileRef = AC6DD3B52C7DB5EE006E208F /* Preview Assets.xcassets */; };
		AC6DD3C02C7DB5EF006E208F /* DragDropDemoAppTests.swift in Sources */ = {isa = PBXBuildFile; fileRef = AC6DD3BF2C7DB5EF006E208F /* DragDropDemoAppTests.swift */; };
		AC6DD3CA2C7DB5EF006E208F /* DragDropDemoAppUITests.swift in Sources */ = {isa = PBXBuildFile; fileRef = AC6DD3C92C7DB5EF006E208F /* DragDropDemoAppUITests.swift */; };
		AC6DD3CC2C7DB5EF006E208F /* DragDropDemoAppUITestsLaunchTests.swift in Sources */ = {isa = PBXBuildFile; fileRef = AC6DD3CB2C7DB5EF006E208F /* DragDropDemoAppUITestsLaunchTests.swift */; };
/* End PBXBuildFile section */

/* Begin PBXContainerItemProxy section */
		AC6DD3BC2C7DB5EF006E208F /* PBXContainerItemProxy */ = {
			isa = PBXContainerItemProxy;
			containerPortal = AC6DD3A32C7DB5ED006E208F /* Project object */;
			proxyType = 1;
			remoteGlobalIDString = AC6DD3AA2C7DB5ED006E208F;
			remoteInfo = DragDropDemoApp;
		};
		AC6DD3C62C7DB5EF006E208F /* PBXContainerItemProxy */ = {
			isa = PBXContainerItemProxy;
			containerPortal = AC6DD3A32C7DB5ED006E208F /* Project object */;
			proxyType = 1;
			remoteGlobalIDString = AC6DD3AA2C7DB5ED006E208F;
			remoteInfo = DragDropDemoApp;
		};
/* End PBXContainerItemProxy section */

/* Begin PBXFileReference section */
		AC6DD3AB2C7DB5ED006E208F /* DragDropDemoApp.app */ = {isa = PBXFileReference; explicitFileType = wrapper.application; includeInIndex = 0; path = DragDropDemoApp.app; sourceTree = BUILT_PRODUCTS_DIR; };
		AC6DD3AE2C7DB5ED006E208F /* DragDropDemoAppApp.swift */ = {isa = PBXFileReference; lastKnownFileType = sourcecode.swift; path = DragDropDemoAppApp.swift; sourceTree = "<group>"; };
		AC6DD3B02C7DB5ED006E208F /* ContentView.swift */ = {isa = PBXFileReference; lastKnownFileType = sourcecode.swift; path = ContentView.swift; sourceTree = "<group>"; };
		AC6DD3B22C7DB5EE006E208F /* Assets.xcassets */ = {isa = PBXFileReference; lastKnownFileType = folder.assetcatalog; path = Assets.xcassets; sourceTree = "<group>"; };
		AC6DD3B52C7DB5EE006E208F /* Preview Assets.xcassets */ = {isa = PBXFileReference; lastKnownFileType = folder.assetcatalog; path = "Preview Assets.xcassets"; sourceTree = "<group>"; };
		AC6DD3BB2C7DB5EF006E208F /* DragDropDemoAppTests.xctest */ = {isa = PBXFileReference; explicitFileType = wrapper.cfbundle; includeInIndex = 0; path = DragDropDemoAppTests.xctest; sourceTree = BUILT_PRODUCTS_DIR; };
		AC6DD3BF2C7DB5EF006E208F /* DragDropDemoAppTests.swift */ = {isa = PBXFileReference; lastKnownFileType = sourcecode.swift; path = DragDropDemoAppTests.swift; sourceTree = "<group>"; };
		AC6DD3C52C7DB5EF006E208F /* DragDropDemoAppUITests.xctest */ = {isa = PBXFileReference; explicitFileType = wrapper.cfbundle; includeInIndex = 0; path = DragDropDemoAppUITests.xctest; sourceTree = BUILT_PRODUCTS_DIR; };
		AC6DD3C92C7DB5EF006E208F /* DragDropDemoAppUITests.swift */ = {isa = PBXFileReference; lastKnownFileType = sourcecode.swift; path = DragDropDemoAppUITests.swift; sourceTree = "<group>"; };
		AC6DD3CB2C7DB5EF006E208F /* DragDropDemoAppUITestsLaunchTests.swift */ = {isa = PBXFileReference; lastKnownFileType = sourcecode.swift; path = DragDropDemoAppUITestsLaunchTests.swift; sourceTree = "<group>"; };
/* End PBXFileReference section */

/* Begin PBXFrameworksBuildPhase section */
		AC6DD3A82C7DB5ED006E208F /* Frameworks */ = {
			isa = PBXFrameworksBuildPhase;
			buildActionMask = 2147483647;
			files = (
			);
			runOnlyForDeploymentPostprocessing = 0;
		};
		AC6DD3B82C7DB5EF006E208F /* Frameworks */ = {
			isa = PBXFrameworksBuildPhase;
			buildActionMask = 2147483647;
			files = (
			);
			runOnlyForDeploymentPostprocessing = 0;
		};
		AC6DD3C22C7DB5EF006E208F /* Frameworks */ = {
			isa = PBXFrameworksBuildPhase;
			buildActionMask = 2147483647;
			files = (
			);
			runOnlyForDeploymentPostprocessing = 0;
		};
/* End PBXFrameworksBuildPhase section */

/* Begin PBXGroup section */
		AC6DD3A22C7DB5ED006E208F = {
			isa = PBXGroup;
			children = (
				AC6DD3AD2C7DB5ED006E208F /* DragDropDemoApp */,
				AC6DD3BE2C7DB5EF006E208F /* DragDropDemoAppTests */,
				AC6DD3C82C7DB5EF006E208F /* DragDropDemoAppUITests */,
				AC6DD3AC2C7DB5ED006E208F /* Products */,
			);
			sourceTree = "<group>";
		};
		AC6DD3AC2C7DB5ED006E208F /* Products */ = {
			isa = PBXGroup;
			children = (
				AC6DD3AB2C7DB5ED006E208F /* DragDropDemoApp.app */,
				AC6DD3BB2C7DB5EF006E208F /* DragDropDemoAppTests.xctest */,
				AC6DD3C52C7DB5EF006E208F /* DragDropDemoAppUITests.xctest */,
			);
			name = Products;
			sourceTree = "<group>";
		};
		AC6DD3AD2C7DB5ED006E208F /* DragDropDemoApp */ = {
			isa = PBXGroup;
			children = (
				AC6DD3AE2C7DB5ED006E208F /* DragDropDemoAppApp.swift */,
				AC6DD3B02C7DB5ED006E208F /* ContentView.swift */,
				AC6DD3B22C7DB5EE006E208F /* Assets.xcassets */,
				AC6DD3B42C7DB5EE006E208F /* Preview Content */,
			);
			path = DragDropDemoApp;
			sourceTree = "<group>";
		};
		AC6DD3B42C7DB5EE006E208F /* Preview Content */ = {
			isa = PBXGroup;
			children = (
				AC6DD3B52C7DB5EE006E208F /* Preview Assets.xcassets */,
			);
			path = "Preview Content";
			sourceTree = "<group>";
		};
		AC6DD3BE2C7DB5EF006E208F /* DragDropDemoAppTests */ = {
			isa = PBXGroup;
			children = (
				AC6DD3BF2C7DB5EF006E208F /* DragDropDemoAppTests.swift */,
			);
			path = DragDropDemoAppTests;
			sourceTree = "<group>";
		};
		AC6DD3C82C7DB5EF006E208F /* DragDropDemoAppUITests */ = {
			isa = PBXGroup;
			children = (
				AC6DD3C92C7DB5EF006E208F /* DragDropDemoAppUITests.swift */,
				AC6DD3CB2C7DB5EF006E208F /* DragDropDemoAppUITestsLaunchTests.swift */,
			);
			path = DragDropDemoAppUITests;
			sourceTree = "<group>";
		};
/* End PBXGroup section */

/* Begin PBXNativeTarget section */
		AC6DD3AA2C7DB5ED006E208F /* DragDropDemoApp */ = {
			isa = PBXNativeTarget;
			buildConfigurationList = AC6DD3CF2C7DB5EF006E208F /* Build configuration list for PBXNativeTarget "DragDropDemoApp" */;
			buildPhases = (
				AC6DD3A72C7DB5ED006E208F /* Sources */,
				AC6DD3A82C7DB5ED006E208F /* Frameworks */,
				AC6DD3A92C7DB5ED006E208F /* Resources */,
			);
			buildRules = (
			);
			dependencies = (
			);
			name = DragDropDemoApp;
			productName = DragDropDemoApp;
			productReference = AC6DD3AB2C7DB5ED006E208F /* DragDropDemoApp.app */;
			productType = "com.apple.product-type.application";
		};
		AC6DD3BA2C7DB5EF006E208F /* DragDropDemoAppTests */ = {
			isa = PBXNativeTarget;
			buildConfigurationList = AC6DD3D22C7DB5EF006E208F /* Build configuration list for PBXNativeTarget "DragDropDemoAppTests" */;
			buildPhases = (
				AC6DD3B72C7DB5EF006E208F /* Sources */,
				AC6DD3B82C7DB5EF006E208F /* Frameworks */,
				AC6DD3B92C7DB5EF006E208F /* Resources */,
			);
			buildRules = (
			);
			dependencies = (
				AC6DD3BD2C7DB5EF006E208F /* PBXTargetDependency */,
			);
			name = DragDropDemoAppTests;
			productName = DragDropDemoAppTests;
			productReference = AC6DD3BB2C7DB5EF006E208F /* DragDropDemoAppTests.xctest */;
			productType = "com.apple.product-type.bundle.unit-test";
		};
		AC6DD3C42C7DB5EF006E208F /* DragDropDemoAppUITests */ = {
			isa = PBXNativeTarget;
			buildConfigurationList = AC6DD3D52C7DB5EF006E208F /* Build configuration list for PBXNativeTarget "DragDropDemoAppUITests" */;
			buildPhases = (
				AC6DD3C12C7DB5EF006E208F /* Sources */,
				AC6DD3C22C7DB5EF006E208F /* Frameworks */,
				AC6DD3C32C7DB5EF006E208F /* Resources */,
			);
			buildRules = (
			);
			dependencies = (
				AC6DD3C72C7DB5EF006E208F /* PBXTargetDependency */,
			);
			name = DragDropDemoAppUITests;
			productName = DragDropDemoAppUITests;
			productReference = AC6DD3C52C7DB5EF006E208F /* DragDropDemoAppUITests.xctest */;
			productType = "com.apple.product-type.bundle.ui-testing";
		};
/* End PBXNativeTarget section */

/* Begin PBXProject section */
		AC6DD3A32C7DB5ED006E208F /* Project object */ = {
			isa = PBXProject;
			attributes = {
				BuildIndependentTargetsInParallel = 1;
				LastSwiftUpdateCheck = 1540;
				LastUpgradeCheck = 1540;
				TargetAttributes = {
					AC6DD3AA2C7DB5ED006E208F = {
						CreatedOnToolsVersion = 15.4;
					};
					AC6DD3BA2C7DB5EF006E208F = {
						CreatedOnToolsVersion = 15.4;
						TestTargetID = AC6DD3AA2C7DB5ED006E208F;
					};
					AC6DD3C42C7DB5EF006E208F = {
						CreatedOnToolsVersion = 15.4;
						TestTargetID = AC6DD3AA2C7DB5ED006E208F;
					};
				};
			};
			buildConfigurationList = AC6DD3A62C7DB5ED006E208F /* Build configuration list for PBXProject "DragDropDemoApp" */;
			compatibilityVersion = "Xcode 14.0";
			developmentRegion = en;
			hasScannedForEncodings = 0;
			knownRegions = (
				en,
				Base,
			);
			mainGroup = AC6DD3A22C7DB5ED006E208F;
			productRefGroup = AC6DD3AC2C7DB5ED006E208F /* Products */;
			projectDirPath = "";
			projectRoot = "";
			targets = (
				AC6DD3AA2C7DB5ED006E208F /* DragDropDemoApp */,
				AC6DD3BA2C7DB5EF006E208F /* DragDropDemoAppTests */,
				AC6DD3C42C7DB5EF006E208F /* DragDropDemoAppUITests */,
			);
		};
/* End PBXProject section */

/* Begin PBXResourcesBuildPhase section */
		AC6DD3A92C7DB5ED006E208F /* Resources */ = {
			isa = PBXResourcesBuildPhase;
			buildActionMask = 2147483647;
			files = (
				AC6DD3B62C7DB5EE006E208F /* Preview Assets.xcassets in Resources */,
				AC6DD3B32C7DB5EE006E208F /* Assets.xcassets in Resources */,
			);
			runOnlyForDeploymentPostprocessing = 0;
		};
		AC6DD3B92C7DB5EF006E208F /* Resources */ = {
			isa = PBXResourcesBuildPhase;
			buildActionMask = 2147483647;
			files = (
			);
			runOnlyForDeploymentPostprocessing = 0;
		};
		AC6DD3C32C7DB5EF006E208F /* Resources */ = {
			isa = PBXResourcesBuildPhase;
			buildActionMask = 2147483647;
			files = (
			);
			runOnlyForDeploymentPostprocessing = 0;
		};
/* End PBXResourcesBuildPhase section */

/* Begin PBXSourcesBuildPhase section */
		AC6DD3A72C7DB5ED006E208F /* Sources */ = {
			isa = PBXSourcesBuildPhase;
			buildActionMask = 2147483647;
			files = (
				AC6DD3B12C7DB5ED006E208F /* ContentView.swift in Sources */,
				AC6DD3AF2C7DB5ED006E208F /* DragDropDemoAppApp.swift in Sources */,
			);
			runOnlyForDeploymentPostprocessing = 0;
		};
		AC6DD3B72C7DB5EF006E208F /* Sources */ = {
			isa = PBXSourcesBuildPhase;
			buildActionMask = 2147483647;
			files = (
				AC6DD3C02C7DB5EF006E208F /* DragDropDemoAppTests.swift in Sources */,
			);
			runOnlyForDeploymentPostprocessing = 0;
		};
		AC6DD3C12C7DB5EF006E208F /* Sources */ = {
			isa = PBXSourcesBuildPhase;
			buildActionMask = 2147483647;
			files = (
				AC6DD3CC2C7DB5EF006E208F /* DragDropDemoAppUITestsLaunchTests.swift in Sources */,
				AC6DD3CA2C7DB5EF006E208F /* DragDropDemoAppUITests.swift in Sources */,
			);
			runOnlyForDeploymentPostprocessing = 0;
		};
/* End PBXSourcesBuildPhase section */

/* Begin PBXTargetDependency section */
		AC6DD3BD2C7DB5EF006E208F /* PBXTargetDependency */ = {
			isa = PBXTargetDependency;
			target = AC6DD3AA2C7DB5ED006E208F /* DragDropDemoApp */;
			targetProxy = AC6DD3BC2C7DB5EF006E208F /* PBXContainerItemProxy */;
		};
		AC6DD3C72C7DB5EF006E208F /* PBXTargetDependency */ = {
			isa = PBXTargetDependency;
			target = AC6DD3AA2C7DB5ED006E208F /* DragDropDemoApp */;
			targetProxy = AC6DD3C62C7DB5EF006E208F /* PBXContainerItemProxy */;
		};
/* End PBXTargetDependency section */

/* Begin XCBuildConfiguration section */
		AC6DD3CD2C7DB5EF006E208F /* Debug */ = {
			isa = XCBuildConfiguration;
			buildSettings = {
				ALWAYS_SEARCH_USER_PATHS = NO;
				ASSETCATALOG_COMPILER_GENERATE_SWIFT_ASSET_SYMBOL_EXTENSIONS = YES;
				CLANG_ANALYZER_NONNULL = YES;
				CLANG_ANALYZER_NUMBER_OBJECT_CONVERSION = YES_AGGRESSIVE;
				CLANG_CXX_LANGUAGE_STANDARD = "gnu++20";
				CLANG_ENABLE_MODULES = YES;
				CLANG_ENABLE_OBJC_ARC = YES;
				CLANG_ENABLE_OBJC_WEAK = YES;
				CLANG_WARN_BLOCK_CAPTURE_AUTORELEASING = YES;
				CLANG_WARN_BOOL_CONVERSION = YES;
				CLANG_WARN_COMMA = YES;
				CLANG_WARN_CONSTANT_CONVERSION = YES;
				CLANG_WARN_DEPRECATED_OBJC_IMPLEMENTATIONS = YES;
				CLANG_WARN_DIRECT_OBJC_ISA_USAGE = YES_ERROR;
				CLANG_WARN_DOCUMENTATION_COMMENTS = YES;
				CLANG_WARN_EMPTY_BODY = YES;
				CLANG_WARN_ENUM_CONVERSION = YES;
				CLANG_WARN_INFINITE_RECURSION = YES;
				CLANG_WARN_INT_CONVERSION = YES;
				CLANG_WARN_NON_LITERAL_NULL_CONVERSION = YES;
				CLANG_WARN_OBJC_IMPLICIT_RETAIN_SELF = YES;
				CLANG_WARN_OBJC_LITERAL_CONVERSION = YES;
				CLANG_WARN_OBJC_ROOT_CLASS = YES_ERROR;
				CLANG_WARN_QUOTED_INCLUDE_IN_FRAMEWORK_HEADER = YES;
				CLANG_WARN_RANGE_LOOP_ANALYSIS = YES;
				CLANG_WARN_STRICT_PROTOTYPES = YES;
				CLANG_WARN_SUSPICIOUS_MOVE = YES;
				CLANG_WARN_UNGUARDED_AVAILABILITY = YES_AGGRESSIVE;
				CLANG_WARN_UNREACHABLE_CODE = YES;
				CLANG_WARN__DUPLICATE_METHOD_MATCH = YES;
				COPY_PHASE_STRIP = NO;
				DEBUG_INFORMATION_FORMAT = dwarf;
				ENABLE_STRICT_OBJC_MSGSEND = YES;
				ENABLE_TESTABILITY = YES;
				ENABLE_USER_SCRIPT_SANDBOXING = YES;
				GCC_C_LANGUAGE_STANDARD = gnu17;
				GCC_DYNAMIC_NO_PIC = NO;
				GCC_NO_COMMON_BLOCKS = YES;
				GCC_OPTIMIZATION_LEVEL = 0;
				GCC_PREPROCESSOR_DEFINITIONS = (
					"DEBUG=1",
					"$(inherited)",
				);
				GCC_WARN_64_TO_32_BIT_CONVERSION = YES;
				GCC_WARN_ABOUT_RETURN_TYPE = YES_ERROR;
				GCC_WARN_UNDECLARED_SELECTOR = YES;
				GCC_WARN_UNINITIALIZED_AUTOS = YES_AGGRESSIVE;
				GCC_WARN_UNUSED_FUNCTION = YES;
				GCC_WARN_UNUSED_VARIABLE = YES;
				IPHONEOS_DEPLOYMENT_TARGET = 17.5;
				LOCALIZATION_PREFERS_STRING_CATALOGS = YES;
				MTL_ENABLE_DEBUG_INFO = INCLUDE_SOURCE;
				MTL_FAST_MATH = YES;
				ONLY_ACTIVE_ARCH = YES;
				SDKROOT = iphoneos;
				SWIFT_ACTIVE_COMPILATION_CONDITIONS = "DEBUG $(inherited)";
				SWIFT_OPTIMIZATION_LEVEL = "-Onone";
			};
			name = Debug;
		};
		AC6DD3CE2C7DB5EF006E208F /* Release */ = {
			isa = XCBuildConfiguration;
			buildSettings = {
				ALWAYS_SEARCH_USER_PATHS = NO;
				ASSETCATALOG_COMPILER_GENERATE_SWIFT_ASSET_SYMBOL_EXTENSIONS = YES;
				CLANG_ANALYZER_NONNULL = YES;
				CLANG_ANALYZER_NUMBER_OBJECT_CONVERSION = YES_AGGRESSIVE;
				CLANG_CXX_LANGUAGE_STANDARD = "gnu++20";
				CLANG_ENABLE_MODULES = YES;
				CLANG_ENABLE_OBJC_ARC = YES;
				CLANG_ENABLE_OBJC_WEAK = YES;
				CLANG_WARN_BLOCK_CAPTURE_AUTORELEASING = YES;
				CLANG_WARN_BOOL_CONVERSION = YES;
				CLANG_WARN_COMMA = YES;
				CLANG_WARN_CONSTANT_CONVERSION = YES;
				CLANG_WARN_DEPRECATED_OBJC_IMPLEMENTATIONS = YES;
				CLANG_WARN_DIRECT_OBJC_ISA_USAGE = YES_ERROR;
				CLANG_WARN_DOCUMENTATION_COMMENTS = YES;
				CLANG_WARN_EMPTY_BODY = YES;
				CLANG_WARN_ENUM_CONVERSION = YES;
				CLANG_WARN_INFINITE_RECURSION = YES;
				CLANG_WARN_INT_CONVERSION = YES;
				CLANG_WARN_NON_LITERAL_NULL_CONVERSION = YES;
				CLANG_WARN_OBJC_IMPLICIT_RETAIN_SELF = YES;
				CLANG_WARN_OBJC_LITERAL_CONVERSION = YES;
				CLANG_WARN_OBJC_ROOT_CLASS = YES_ERROR;
				CLANG_WARN_QUOTED_INCLUDE_IN_FRAMEWORK_HEADER = YES;
				CLANG_WARN_RANGE_LOOP_ANALYSIS = YES;
				CLANG_WARN_STRICT_PROTOTYPES = YES;
				CLANG_WARN_SUSPICIOUS_MOVE = YES;
				CLANG_WARN_UNGUARDED_AVAILABILITY = YES_AGGRESSIVE;
				CLANG_WARN_UNREACHABLE_CODE = YES;
				CLANG_WARN__DUPLICATE_METHOD_MATCH = YES;
				COPY_PHASE_STRIP = NO;
				DEBUG_INFORMATION_FORMAT = "dwarf-with-dsym";
				ENABLE_NS_ASSERTIONS = NO;
				ENABLE_STRICT_OBJC_MSGSEND = YES;
				ENABLE_USER_SCRIPT_SANDBOXING = YES;
				GCC_C_LANGUAGE_STANDARD = gnu17;
				GCC_NO_COMMON_BLOCKS = YES;
				GCC_WARN_64_TO_32_BIT_CONVERSION = YES;
				GCC_WARN_ABOUT_RETURN_TYPE = YES_ERROR;
				GCC_WARN_UNDECLARED_SELECTOR = YES;
				GCC_WARN_UNINITIALIZED_AUTOS = YES_AGGRESSIVE;
				GCC_WARN_UNUSED_FUNCTION = YES;
				GCC_WARN_UNUSED_VARIABLE = YES;
				IPHONEOS_DEPLOYMENT_TARGET = 17.5;
				LOCALIZATION_PREFERS_STRING_CATALOGS = YES;
				MTL_ENABLE_DEBUG_INFO = NO;
				MTL_FAST_MATH = YES;
				SDKROOT = iphoneos;
				SWIFT_COMPILATION_MODE = wholemodule;
				VALIDATE_PRODUCT = YES;
			};
			name = Release;
		};
		AC6DD3D02C7DB5EF006E208F /* Debug */ = {
			isa = XCBuildConfiguration;
			buildSettings = {
				ASSETCATALOG_COMPILER_APPICON_NAME = AppIcon;
				ASSETCATALOG_COMPILER_GLOBAL_ACCENT_COLOR_NAME = AccentColor;
				CODE_SIGN_STYLE = Automatic;
				CURRENT_PROJECT_VERSION = 1;
				DEVELOPMENT_ASSET_PATHS = "\"DragDropDemoApp/Preview Content\"";
				ENABLE_PREVIEWS = YES;
				GENERATE_INFOPLIST_FILE = YES;
				INFOPLIST_KEY_UIApplicationSceneManifest_Generation = YES;
				INFOPLIST_KEY_UIApplicationSupportsIndirectInputEvents = YES;
				INFOPLIST_KEY_UILaunchScreen_Generation = YES;
				INFOPLIST_KEY_UISupportedInterfaceOrientations_iPad = "UIInterfaceOrientationPortrait UIInterfaceOrientationPortraitUpsideDown UIInterfaceOrientationLandscapeLeft UIInterfaceOrientationLandscapeRight";
				INFOPLIST_KEY_UISupportedInterfaceOrientations_iPhone = "UIInterfaceOrientationPortrait UIInterfaceOrientationLandscapeLeft UIInterfaceOrientationLandscapeRight";
				LD_RUNPATH_SEARCH_PATHS = (
					"$(inherited)",
					"@executable_path/Frameworks",
				);
				MARKETING_VERSION = 1.0;
				PRODUCT_BUNDLE_IDENTIFIER = com.jbcodeapp.DragDropDemoApp;
				PRODUCT_NAME = "$(TARGET_NAME)";
				SWIFT_EMIT_LOC_STRINGS = YES;
				SWIFT_VERSION = 5.0;
				TARGETED_DEVICE_FAMILY = "1,2";
			};
			name = Debug;
		};
		AC6DD3D12C7DB5EF006E208F /* Release */ = {
			isa = XCBuildConfiguration;
			buildSettings = {
				ASSETCATALOG_COMPILER_APPICON_NAME = AppIcon;
				ASSETCATALOG_COMPILER_GLOBAL_ACCENT_COLOR_NAME = AccentColor;
				CODE_SIGN_STYLE = Automatic;
				CURRENT_PROJECT_VERSION = 1;
				DEVELOPMENT_ASSET_PATHS = "\"DragDropDemoApp/Preview Content\"";
				ENABLE_PREVIEWS = YES;
				GENERATE_INFOPLIST_FILE = YES;
				INFOPLIST_KEY_UIApplicationSceneManifest_Generation = YES;
				INFOPLIST_KEY_UIApplicationSupportsIndirectInputEvents = YES;
				INFOPLIST_KEY_UILaunchScreen_Generation = YES;
				INFOPLIST_KEY_UISupportedInterfaceOrientations_iPad = "UIInterfaceOrientationPortrait UIInterfaceOrientationPortraitUpsideDown UIInterfaceOrientationLandscapeLeft UIInterfaceOrientationLandscapeRight";
				INFOPLIST_KEY_UISupportedInterfaceOrientations_iPhone = "UIInterfaceOrientationPortrait UIInterfaceOrientationLandscapeLeft UIInterfaceOrientationLandscapeRight";
				LD_RUNPATH_SEARCH_PATHS = (
					"$(inherited)",
					"@executable_path/Frameworks",
				);
				MARKETING_VERSION = 1.0;
				PRODUCT_BUNDLE_IDENTIFIER = com.jbcodeapp.DragDropDemoApp;
				PRODUCT_NAME = "$(TARGET_NAME)";
				SWIFT_EMIT_LOC_STRINGS = YES;
				SWIFT_VERSION = 5.0;
				TARGETED_DEVICE_FAMILY = "1,2";
			};
			name = Release;
		};
		AC6DD3D32C7DB5EF006E208F /* Debug */ = {
			isa = XCBuildConfiguration;
			buildSettings = {
				ALWAYS_EMBED_SWIFT_STANDARD_LIBRARIES = YES;
				BUNDLE_LOADER = "$(TEST_HOST)";
				CODE_SIGN_STYLE = Automatic;
				CURRENT_PROJECT_VERSION = 1;
				GENERATE_INFOPLIST_FILE = YES;
				IPHONEOS_DEPLOYMENT_TARGET = 17.5;
				MARKETING_VERSION = 1.0;
				PRODUCT_BUNDLE_IDENTIFIER = com.jbcodeapp.DragDropDemoAppTests;
				PRODUCT_NAME = "$(TARGET_NAME)";
				SWIFT_EMIT_LOC_STRINGS = NO;
				SWIFT_VERSION = 5.0;
				TARGETED_DEVICE_FAMILY = "1,2";
				TEST_HOST = "$(BUILT_PRODUCTS_DIR)/DragDropDemoApp.app/$(BUNDLE_EXECUTABLE_FOLDER_PATH)/DragDropDemoApp";
			};
			name = Debug;
		};
		AC6DD3D42C7DB5EF006E208F /* Release */ = {
			isa = XCBuildConfiguration;
			buildSettings = {
				ALWAYS_EMBED_SWIFT_STANDARD_LIBRARIES = YES;
				BUNDLE_LOADER = "$(TEST_HOST)";
				CODE_SIGN_STYLE = Automatic;
				CURRENT_PROJECT_VERSION = 1;
				GENERATE_INFOPLIST_FILE = YES;
				IPHONEOS_DEPLOYMENT_TARGET = 17.5;
				MARKETING_VERSION = 1.0;
				PRODUCT_BUNDLE_IDENTIFIER = com.jbcodeapp.DragDropDemoAppTests;
				PRODUCT_NAME = "$(TARGET_NAME)";
				SWIFT_EMIT_LOC_STRINGS = NO;
				SWIFT_VERSION = 5.0;
				TARGETED_DEVICE_FAMILY = "1,2";
				TEST_HOST = "$(BUILT_PRODUCTS_DIR)/DragDropDemoApp.app/$(BUNDLE_EXECUTABLE_FOLDER_PATH)/DragDropDemoApp";
			};
			name = Release;
		};
		AC6DD3D62C7DB5EF006E208F /* Debug */ = {
			isa = XCBuildConfiguration;
			buildSettings = {
				ALWAYS_EMBED_SWIFT_STANDARD_LIBRARIES = YES;
				CODE_SIGN_STYLE = Automatic;
				CURRENT_PROJECT_VERSION = 1;
				GENERATE_INFOPLIST_FILE = YES;
				MARKETING_VERSION = 1.0;
				PRODUCT_BUNDLE_IDENTIFIER = com.jbcodeapp.DragDropDemoAppUITests;
				PRODUCT_NAME = "$(TARGET_NAME)";
				SWIFT_EMIT_LOC_STRINGS = NO;
				SWIFT_VERSION = 5.0;
				TARGETED_DEVICE_FAMILY = "1,2";
				TEST_TARGET_NAME = DragDropDemoApp;
			};
			name = Debug;
		};
		AC6DD3D72C7DB5EF006E208F /* Release */ = {
			isa = XCBuildConfiguration;
			buildSettings = {
				ALWAYS_EMBED_SWIFT_STANDARD_LIBRARIES = YES;
				CODE_SIGN_STYLE = Automatic;
				CURRENT_PROJECT_VERSION = 1;
				GENERATE_INFOPLIST_FILE = YES;
				MARKETING_VERSION = 1.0;
				PRODUCT_BUNDLE_IDENTIFIER = com.jbcodeapp.DragDropDemoAppUITests;
				PRODUCT_NAME = "$(TARGET_NAME)";
				SWIFT_EMIT_LOC_STRINGS = NO;
				SWIFT_VERSION = 5.0;
				TARGETED_DEVICE_FAMILY = "1,2";
				TEST_TARGET_NAME = DragDropDemoApp;
			};
			name = Release;
		};
/* End XCBuildConfiguration section */

/* Begin XCConfigurationList section */
		AC6DD3A62C7DB5ED006E208F /* Build configuration list for PBXProject "DragDropDemoApp" */ = {
			isa = XCConfigurationList;
			buildConfigurations = (
				AC6DD3CD2C7DB5EF006E208F /* Debug */,
				AC6DD3CE2C7DB5EF006E208F /* Release */,
			);
			defaultConfigurationIsVisible = 0;
			defaultConfigurationName = Release;
		};
		AC6DD3CF2C7DB5EF006E208F /* Build configuration list for PBXNativeTarget "DragDropDemoApp" */ = {
			isa = XCConfigurationList;
			buildConfigurations = (
				AC6DD3D02C7DB5EF006E208F /* Debug */,
				AC6DD3D12C7DB5EF006E208F /* Release */,
			);
			defaultConfigurationIsVisible = 0;
			defaultConfigurationName = Release;
		};
		AC6DD3D22C7DB5EF006E208F /* Build configuration list for PBXNativeTarget "DragDropDemoAppTests" */ = {
			isa = XCConfigurationList;
			buildConfigurations = (
				AC6DD3D32C7DB5EF006E208F /* Debug */,
				AC6DD3D42C7DB5EF006E208F /* Release */,
			);
			defaultConfigurationIsVisible = 0;
			defaultConfigurationName = Release;
		};
		AC6DD3D52C7DB5EF006E208F /* Build configuration list for PBXNativeTarget "DragDropDemoAppUITests" */ = {
			isa = XCConfigurationList;
			buildConfigurations = (
				AC6DD3D62C7DB5EF006E208F /* Debug */,
				AC6DD3D72C7DB5EF006E208F /* Release */,
			);
			defaultConfigurationIsVisible = 0;
			defaultConfigurationName = Release;
		};
/* End XCConfigurationList section */
	};
	rootObject = AC6DD3A32C7DB5ED006E208F /* Project object */;
}
